
Microsoft Visual Studio Solution File, Format Version 12.00
# Visual Studio Version 16
VisualStudioVersion = 16.0.30114.105
MinimumVisualStudioVersion = 10.0.40219.1
Project("{2150E333-8FDC-42A3-9474-1A3956D46DE8}") = "Services", "Services", "{99F7CD6D-240F-4BFD-A4B0-8C8E333DA12B}"
EndProject
Project("{2150E333-8FDC-42A3-9474-1A3956D46DE8}") = "WebApps", "WebApps", "{7DBAE830-8AB7-4A97-8CA9-6B24EFFE07C3}"
EndProject
Project("{2150E333-8FDC-42A3-9474-1A3956D46DE8}") = "Cadastros", "Cadastros", "{764C712C-95C3-4AE6-80DB-38AF53A251B3}"
EndProject
Project("{2150E333-8FDC-42A3-9474-1A3956D46DE8}") = "Catalogo", "Catalogo", "{7456D7A7-1470-4F4F-86B3-2AC6303E79DD}"
EndProject
Project("{2150E333-8FDC-42A3-9474-1A3956D46DE8}") = "Core", "Core", "{27C1F1D5-ECB4-4513-983C-3FCDD6876EF5}"
EndProject
Project("{2150E333-8FDC-42A3-9474-1A3956D46DE8}") = "Fiscal", "Fiscal", "{F92792D3-8BA2-4231-BD71-E9E38C90B930}"
EndProject
Project("{2150E333-8FDC-42A3-9474-1A3956D46DE8}") = "Pagamentos", "Pagamentos", "{4555B5C5-279E-47D2-9ABB-624E50052D16}"
EndProject
Project("{2150E333-8FDC-42A3-9474-1A3956D46DE8}") = "Vendas", "Vendas", "{6A25C85D-B614-4633-BE9D-1062DC4F82C6}"
EndProject
Project("{9A19103F-16F7-4668-BE54-9A1E7A4F7556}") = "NerdStore.Catalogo.Domain", "src\NerdStore.Catalogo.Domain\NerdStore.Catalogo.Domain.csproj", "{1641F1B7-B59F-4271-A796-E56159919AED}"
EndProject
Project("{9A19103F-16F7-4668-BE54-9A1E7A4F7556}") = "NerdStore.Core", "src\NerdStore.Core\NerdStore.Core.csproj", "{359DCF31-0569-4BC7-860D-4479E4C2D84E}"
EndProject
Project("{2150E333-8FDC-42A3-9474-1A3956D46DE8}") = "Tests", "Tests", "{E3A982C9-8BAC-419B-839A-55D8B803E653}"
EndProject
Project("{FAE04EC0-301F-11D3-BF4B-00C04F79EFBC}") = "NerdStore.Catalogo.Domain.Tests", "tests\NerdStore.Catalogo.Domain.Tests\NerdStore.Catalogo.Domain.Tests.csproj", "{82535CED-CFF7-4A55-B06F-DB41CC48BD43}"
EndProject
Project("{FAE04EC0-301F-11D3-BF4B-00C04F79EFBC}") = "NerdStore.Catalogo.Data", "src\NerdStore.Catalogo.Data\NerdStore.Catalogo.Data.csproj", "{9E3271E3-DF46-46ED-BDFF-F294DA525E33}"
EndProject
Global
	GlobalSection(SolutionConfigurationPlatforms) = preSolution
		Debug|Any CPU = Debug|Any CPU
		Debug|x64 = Debug|x64
		Debug|x86 = Debug|x86
		Release|Any CPU = Release|Any CPU
		Release|x64 = Release|x64
		Release|x86 = Release|x86
	EndGlobalSection
	GlobalSection(ProjectConfigurationPlatforms) = postSolution
		{1641F1B7-B59F-4271-A796-E56159919AED}.Debug|Any CPU.ActiveCfg = Debug|Any CPU
		{1641F1B7-B59F-4271-A796-E56159919AED}.Debug|Any CPU.Build.0 = Debug|Any CPU
		{1641F1B7-B59F-4271-A796-E56159919AED}.Debug|x64.ActiveCfg = Debug|Any CPU
		{1641F1B7-B59F-4271-A796-E56159919AED}.Debug|x64.Build.0 = Debug|Any CPU
		{1641F1B7-B59F-4271-A796-E56159919AED}.Debug|x86.ActiveCfg = Debug|Any CPU
		{1641F1B7-B59F-4271-A796-E56159919AED}.Debug|x86.Build.0 = Debug|Any CPU
		{1641F1B7-B59F-4271-A796-E56159919AED}.Release|Any CPU.ActiveCfg = Release|Any CPU
		{1641F1B7-B59F-4271-A796-E56159919AED}.Release|Any CPU.Build.0 = Release|Any CPU
		{1641F1B7-B59F-4271-A796-E56159919AED}.Release|x64.ActiveCfg = Release|Any CPU
		{1641F1B7-B59F-4271-A796-E56159919AED}.Release|x64.Build.0 = Release|Any CPU
		{1641F1B7-B59F-4271-A796-E56159919AED}.Release|x86.ActiveCfg = Release|Any CPU
		{1641F1B7-B59F-4271-A796-E56159919AED}.Release|x86.Build.0 = Release|Any CPU
		{359DCF31-0569-4BC7-860D-4479E4C2D84E}.Debug|Any CPU.ActiveCfg = Debug|Any CPU
		{359DCF31-0569-4BC7-860D-4479E4C2D84E}.Debug|Any CPU.Build.0 = Debug|Any CPU
		{359DCF31-0569-4BC7-860D-4479E4C2D84E}.Debug|x64.ActiveCfg = Debug|Any CPU
		{359DCF31-0569-4BC7-860D-4479E4C2D84E}.Debug|x64.Build.0 = Debug|Any CPU
		{359DCF31-0569-4BC7-860D-4479E4C2D84E}.Debug|x86.ActiveCfg = Debug|Any CPU
		{359DCF31-0569-4BC7-860D-4479E4C2D84E}.Debug|x86.Build.0 = Debug|Any CPU
		{359DCF31-0569-4BC7-860D-4479E4C2D84E}.Release|Any CPU.ActiveCfg = Release|Any CPU
		{359DCF31-0569-4BC7-860D-4479E4C2D84E}.Release|Any CPU.Build.0 = Release|Any CPU
		{359DCF31-0569-4BC7-860D-4479E4C2D84E}.Release|x64.ActiveCfg = Release|Any CPU
		{359DCF31-0569-4BC7-860D-4479E4C2D84E}.Release|x64.Build.0 = Release|Any CPU
		{359DCF31-0569-4BC7-860D-4479E4C2D84E}.Release|x86.ActiveCfg = Release|Any CPU
		{359DCF31-0569-4BC7-860D-4479E4C2D84E}.Release|x86.Build.0 = Release|Any CPU
		{82535CED-CFF7-4A55-B06F-DB41CC48BD43}.Debug|Any CPU.ActiveCfg = Debug|Any CPU
		{82535CED-CFF7-4A55-B06F-DB41CC48BD43}.Debug|Any CPU.Build.0 = Debug|Any CPU
		{82535CED-CFF7-4A55-B06F-DB41CC48BD43}.Debug|x64.ActiveCfg = Debug|Any CPU
		{82535CED-CFF7-4A55-B06F-DB41CC48BD43}.Debug|x64.Build.0 = Debug|Any CPU
		{82535CED-CFF7-4A55-B06F-DB41CC48BD43}.Debug|x86.ActiveCfg = Debug|Any CPU
		{82535CED-CFF7-4A55-B06F-DB41CC48BD43}.Debug|x86.Build.0 = Debug|Any CPU
		{82535CED-CFF7-4A55-B06F-DB41CC48BD43}.Release|Any CPU.ActiveCfg = Release|Any CPU
		{82535CED-CFF7-4A55-B06F-DB41CC48BD43}.Release|Any CPU.Build.0 = Release|Any CPU
		{82535CED-CFF7-4A55-B06F-DB41CC48BD43}.Release|x64.ActiveCfg = Release|Any CPU
		{82535CED-CFF7-4A55-B06F-DB41CC48BD43}.Release|x64.Build.0 = Release|Any CPU
		{82535CED-CFF7-4A55-B06F-DB41CC48BD43}.Release|x86.ActiveCfg = Release|Any CPU
		{82535CED-CFF7-4A55-B06F-DB41CC48BD43}.Release|x86.Build.0 = Release|Any CPU
		{9E3271E3-DF46-46ED-BDFF-F294DA525E33}.Debug|Any CPU.ActiveCfg = Debug|Any CPU
		{9E3271E3-DF46-46ED-BDFF-F294DA525E33}.Debug|Any CPU.Build.0 = Debug|Any CPU
		{9E3271E3-DF46-46ED-BDFF-F294DA525E33}.Debug|x64.ActiveCfg = Debug|Any CPU
		{9E3271E3-DF46-46ED-BDFF-F294DA525E33}.Debug|x64.Build.0 = Debug|Any CPU
		{9E3271E3-DF46-46ED-BDFF-F294DA525E33}.Debug|x86.ActiveCfg = Debug|Any CPU
		{9E3271E3-DF46-46ED-BDFF-F294DA525E33}.Debug|x86.Build.0 = Debug|Any CPU
		{9E3271E3-DF46-46ED-BDFF-F294DA525E33}.Release|Any CPU.ActiveCfg = Release|Any CPU
		{9E3271E3-DF46-46ED-BDFF-F294DA525E33}.Release|Any CPU.Build.0 = Release|Any CPU
		{9E3271E3-DF46-46ED-BDFF-F294DA525E33}.Release|x64.ActiveCfg = Release|Any CPU
		{9E3271E3-DF46-46ED-BDFF-F294DA525E33}.Release|x64.Build.0 = Release|Any CPU
		{9E3271E3-DF46-46ED-BDFF-F294DA525E33}.Release|x86.ActiveCfg = Release|Any CPU
		{9E3271E3-DF46-46ED-BDFF-F294DA525E33}.Release|x86.Build.0 = Release|Any CPU
	EndGlobalSection
	GlobalSection(SolutionProperties) = preSolution
		HideSolutionNode = FALSE
	EndGlobalSection
	GlobalSection(NestedProjects) = preSolution
		{764C712C-95C3-4AE6-80DB-38AF53A251B3} = {99F7CD6D-240F-4BFD-A4B0-8C8E333DA12B}
		{7456D7A7-1470-4F4F-86B3-2AC6303E79DD} = {99F7CD6D-240F-4BFD-A4B0-8C8E333DA12B}
		{27C1F1D5-ECB4-4513-983C-3FCDD6876EF5} = {99F7CD6D-240F-4BFD-A4B0-8C8E333DA12B}
		{F92792D3-8BA2-4231-BD71-E9E38C90B930} = {99F7CD6D-240F-4BFD-A4B0-8C8E333DA12B}
		{4555B5C5-279E-47D2-9ABB-624E50052D16} = {99F7CD6D-240F-4BFD-A4B0-8C8E333DA12B}
		{6A25C85D-B614-4633-BE9D-1062DC4F82C6} = {99F7CD6D-240F-4BFD-A4B0-8C8E333DA12B}
		{1641F1B7-B59F-4271-A796-E56159919AED} = {7456D7A7-1470-4F4F-86B3-2AC6303E79DD}
		{359DCF31-0569-4BC7-860D-4479E4C2D84E} = {27C1F1D5-ECB4-4513-983C-3FCDD6876EF5}
		{E3A982C9-8BAC-419B-839A-55D8B803E653} = {7456D7A7-1470-4F4F-86B3-2AC6303E79DD}
		{82535CED-CFF7-4A55-B06F-DB41CC48BD43} = {E3A982C9-8BAC-419B-839A-55D8B803E653}
		{9E3271E3-DF46-46ED-BDFF-F294DA525E33} = {7456D7A7-1470-4F4F-86B3-2AC6303E79DD}
	EndGlobalSection
	GlobalSection(ExtensibilityGlobals) = postSolution
		SolutionGuid = {EA7A2B83-293E-404F-918E-7B7E45B3CA8C}
	EndGlobalSection
EndGlobal
